
Microsoft Visual Studio Solution File, Format Version 12.00
# Visual Studio Version 16
VisualStudioVersion = 16.0.30804.86
MinimumVisualStudioVersion = 10.0.40219.1
Project("{FAE04EC0-301F-11D3-BF4B-00C04F79EFBC}") = "LY.ExamMonitor.Client", "LY.ExamMonitor.Client\LY.ExamMonitor.Client.csproj", "{F2ECD61B-50F9-4D6E-9F1E-79EFE238EC3F}"
EndProject
Project("{FAE04EC0-301F-11D3-BF4B-00C04F79EFBC}") = "LY.ExamMonitor.Core", "LY.ExamMonitor.Core\LY.ExamMonitor.Core.csproj", "{EA6F3B0F-CDF8-4594-B7B4-E537181B1563}"
EndProject
Project("{FAE04EC0-301F-11D3-BF4B-00C04F79EFBC}") = "LY.ExamMonitor.Data", "LY.ExamMonitor.Data\LY.ExamMonitor.Data.csproj", "{0619DE37-36EA-436D-A8B9-521A3D259116}"
EndProject
Project("{FAE04EC0-301F-11D3-BF4B-00C04F79EFBC}") = "LY.ExamMonitor.Services", "LY.ExamMonitor.Services\LY.ExamMonitor.Services.csproj", "{3E4264F6-A1B9-463E-AD78-F784652983EF}"
EndProject
Project("{2150E333-8FDC-42A3-9474-1A3956D46DE8}") = "Infrastructure", "Infrastructure", "{B6A2B60B-D7D8-4BA1-AD37-9CC5F04608CA}"
EndProject
Project("{2150E333-8FDC-42A3-9474-1A3956D46DE8}") = "Library", "Library", "{FF656E87-BE21-4E60-9C75-BDABBC9AC32E}"
EndProject
Project("{FAE04EC0-301F-11D3-BF4B-00C04F79EFBC}") = "System.Data.SQLite.EF6.Migrations", "Library\System.Data.SQLite.EF6.Migrations\System.Data.SQLite.EF6.Migrations.csproj", "{5AB16668-1885-4811-9CD9-4635FD2ADF18}"
EndProject
Global
	GlobalSection(SolutionConfigurationPlatforms) = preSolution
		Debug|Any CPU = Debug|Any CPU
		Release|Any CPU = Release|Any CPU
	EndGlobalSection
	GlobalSection(ProjectConfigurationPlatforms) = postSolution
		{F2ECD61B-50F9-4D6E-9F1E-79EFE238EC3F}.Debug|Any CPU.ActiveCfg = Debug|Any CPU
		{F2ECD61B-50F9-4D6E-9F1E-79EFE238EC3F}.Debug|Any CPU.Build.0 = Debug|Any CPU
		{F2ECD61B-50F9-4D6E-9F1E-79EFE238EC3F}.Release|Any CPU.ActiveCfg = Release|Any CPU
		{F2ECD61B-50F9-4D6E-9F1E-79EFE238EC3F}.Release|Any CPU.Build.0 = Release|Any CPU
		{EA6F3B0F-CDF8-4594-B7B4-E537181B1563}.Debug|Any CPU.ActiveCfg = Debug|Any CPU
		{EA6F3B0F-CDF8-4594-B7B4-E537181B1563}.Debug|Any CPU.Build.0 = Debug|Any CPU
		{EA6F3B0F-CDF8-4594-B7B4-E537181B1563}.Release|Any CPU.ActiveCfg = Release|Any CPU
		{EA6F3B0F-CDF8-4594-B7B4-E537181B1563}.Release|Any CPU.Build.0 = Release|Any CPU
		{0619DE37-36EA-436D-A8B9-521A3D259116}.Debug|Any CPU.ActiveCfg = Debug|Any CPU
		{0619DE37-36EA-436D-A8B9-521A3D259116}.Debug|Any CPU.Build.0 = Debug|Any CPU
		{0619DE37-36EA-436D-A8B9-521A3D259116}.Release|Any CPU.ActiveCfg = Release|Any CPU
		{0619DE37-36EA-436D-A8B9-521A3D259116}.Release|Any CPU.Build.0 = Release|Any CPU
		{3E4264F6-A1B9-463E-AD78-F784652983EF}.Debug|Any CPU.ActiveCfg = Debug|Any CPU
		{3E4264F6-A1B9-463E-AD78-F784652983EF}.Debug|Any CPU.Build.0 = Debug|Any CPU
		{3E4264F6-A1B9-463E-AD78-F784652983EF}.Release|Any CPU.ActiveCfg = Release|Any CPU
		{3E4264F6-A1B9-463E-AD78-F784652983EF}.Release|Any CPU.Build.0 = Release|Any CPU
		{5AB16668-1885-4811-9CD9-4635FD2ADF18}.Debug|Any CPU.ActiveCfg = Debug|Any CPU
		{5AB16668-1885-4811-9CD9-4635FD2ADF18}.Debug|Any CPU.Build.0 = Debug|Any CPU
		{5AB16668-1885-4811-9CD9-4635FD2ADF18}.Release|Any CPU.ActiveCfg = Release|Any CPU
		{5AB16668-1885-4811-9CD9-4635FD2ADF18}.Release|Any CPU.Build.0 = Release|Any CPU
	EndGlobalSection
	GlobalSection(SolutionProperties) = preSolution
		HideSolutionNode = FALSE
	EndGlobalSection
	GlobalSection(NestedProjects) = preSolution
		{EA6F3B0F-CDF8-4594-B7B4-E537181B1563} = {B6A2B60B-D7D8-4BA1-AD37-9CC5F04608CA}
		{0619DE37-36EA-436D-A8B9-521A3D259116} = {B6A2B60B-D7D8-4BA1-AD37-9CC5F04608CA}
		{3E4264F6-A1B9-463E-AD78-F784652983EF} = {B6A2B60B-D7D8-4BA1-AD37-9CC5F04608CA}
		{5AB16668-1885-4811-9CD9-4635FD2ADF18} = {FF656E87-BE21-4E60-9C75-BDABBC9AC32E}
	EndGlobalSection
	GlobalSection(ExtensibilityGlobals) = postSolution
		SolutionGuid = {32924324-221A-46BD-A159-B0E98E9A45DD}
	EndGlobalSection
EndGlobal
